%{
  "bunt": {:hex, :bunt, "0.2.0", "951c6e801e8b1d2cbe58ebbd3e616a869061ddadcc4863d0a2182541acae9a38", [:mix], [], "hexpm", "7af5c7e09fe1d40f76c8e4f9dd2be7cebd83909f31fee7cd0e9eadc567da8353"},
  "credo": {:hex, :credo, "1.4.0", "92339d4cbadd1e88b5ee43d427b639b68a11071b6f73854e33638e30a0ea11f5", [:mix], [{:bunt, "~> 0.2.0", [hex: :bunt, repo: "hexpm", optional: false]}, {:jason, "~> 1.0", [hex: :jason, repo: "hexpm", optional: false]}], "hexpm", "1fd3b70dce216574ce3c18bdf510b57e7c4c85c2ec9cad4bff854abaf7e58658"},
  "earmark_parser": {:hex, :earmark_parser, "1.4.10", "6603d7a603b9c18d3d20db69921527f82ef09990885ed7525003c7fe7dc86c56", [:mix], [], "hexpm", "8e2d5370b732385db2c9b22215c3f59c84ac7dda7ed7e544d7c459496ae519c0"},
  "emarkdown": {:hex, :emarkdown, "0.1.0", "f1310fb8ee1a488cb2e16aa4e13cb34a7b68b310222cc47bb817b52242d7337c", [:rebar3], [], "hexpm", "260e4170c0fad7532b5651486c1ff4291e3069cf6d862393106cf3e2b2f3efce"},
  "ex_doc": {:hex, :ex_doc, "0.22.2", "03a2a58bdd2ba0d83d004507c4ee113b9c521956938298eba16e55cc4aba4a6c", [:mix], [{:earmark_parser, "~> 1.4.0", [hex: :earmark_parser, repo: "hexpm", optional: false]}, {:makeup_elixir, "~> 0.14", [hex: :makeup_elixir, repo: "hexpm", optional: false]}], "hexpm", "cf60e1b3e2efe317095b6bb79651f83a2c1b3edcb4d319c421d7fcda8b3aff26"},
  "jason": {:hex, :jason, "1.2.1", "12b22825e22f468c02eb3e4b9985f3d0cb8dc40b9bd704730efa11abd2708c44", [:mix], [{:decimal, "~> 1.0", [hex: :decimal, repo: "hexpm", optional: true]}], "hexpm", "b659b8571deedf60f79c5a608e15414085fa141344e2716fbd6988a084b5f993"},
  "makeup": {:hex, :makeup, "1.0.3", "e339e2f766d12e7260e6672dd4047405963c5ec99661abdc432e6ec67d29ef95", [:mix], [{:nimble_parsec, "~> 0.5", [hex: :nimble_parsec, repo: "hexpm", optional: false]}], "hexpm", "2e9b4996d11832947731f7608fed7ad2f9443011b3b479ae288011265cdd3dad"},
  "makeup_elixir": {:hex, :makeup_elixir, "0.14.1", "4f0e96847c63c17841d42c08107405a005a2680eb9c7ccadfd757bd31dabccfb", [:mix], [{:makeup, "~> 1.0", [hex: :makeup, repo: "hexpm", optional: false]}], "hexpm", "f2438b1a80eaec9ede832b5c41cd4f373b38fd7aa33e3b22d9db79e640cbde11"},
  "nimble_parsec": {:hex, :nimble_parsec, "0.6.0", "32111b3bf39137144abd7ba1cce0914533b2d16ef35e8abc5ec8be6122944263", [:mix], [], "hexpm", "27eac315a94909d4dc68bc07a4a83e06c8379237c5ea528a9acff4ca1c873c52"},
  "rebar3_raw_deps": {:hex, :rebar3_raw_deps, "2.0.0", "191f176340f0224b87a57938dbb89f50416348ab783b4aa4812f9e89d99adfc3", [:rebar3], [], "hexpm", "2306e8dc50959caaadf920b2b605dc95f8eade87da5c87ac4c5aac87eaa8f5df"},
  "rebar_raw_resource": {:hex, :rebar_raw_resource, "0.9.0", "df53d93b227c01b55067c802a9430683864e71b4a652637bb787cb6722b7c84e", [:rebar3], [], "hexpm", "5b8a503d5466ac2c9370fd078b6b86ed757b762e6e9ec2d74f2cc4cea9fa6d37"},
  "sheldon": {:hex, :sheldon, "0.1.5", "385533494d576ead077e9eb12dc2ca22ad7e23def4589850ed472227d1266c6d", [:rebar3], [{:emarkdown, "0.1.0", [hex: :emarkdown, repo: "hexpm", optional: false]}, {:worker_pool, "4.0.0", [hex: :worker_pool, repo: "hexpm", optional: false]}], "hexpm", "5f3489133e5df4ffc2fcd7c41ffb973a7d1ccd7cc74481b2d5f35fe3a71f3a7f"},
  "worker_pool": {:hex, :worker_pool, "4.0.0", "cd94d94d3b1a2442e54db001b0b3ba0bd1f9d8098f4253f57228c021524bb55b", [:rebar3], [], "hexpm", "8acc1d869e27197bc847ae3a1701392933016a49f0a23d6c41f14f4cf0e13ac7"},
}
